
Microsoft Visual Studio Solution File, Format Version 12.00
# Visual Studio Version 17
VisualStudioVersion = 17.8.34322.80
MinimumVisualStudioVersion = 10.0.40219.1
Project("{9A19103F-16F7-4668-BE54-9A1E7A4F7556}") = "Kapok.Data.EntityFramework", "src\Kapok.Data.EntityFramework\Kapok.Data.EntityFramework.csproj", "{21B27EA5-1566-48A0-A3BC-75245B98F53C}"
EndProject
Global
	GlobalSection(SolutionConfigurationPlatforms) = preSolution
		Debug|Any CPU = Debug|Any CPU
		Release|Any CPU = Release|Any CPU
	EndGlobalSection
	GlobalSection(ProjectConfigurationPlatforms) = postSolution
		{21B27EA5-1566-48A0-A3BC-75245B98F53C}.Debug|Any CPU.ActiveCfg = Debug|Any CPU
		{21B27EA5-1566-48A0-A3BC-75245B98F53C}.Debug|Any CPU.Build.0 = Debug|Any CPU
		{21B27EA5-1566-48A0-A3BC-75245B98F53C}.Release|Any CPU.ActiveCfg = Release|Any CPU
		{21B27EA5-1566-48A0-A3BC-75245B98F53C}.Release|Any CPU.Build.0 = Release|Any CPU
	EndGlobalSection
	GlobalSection(SolutionProperties) = preSolution
		HideSolutionNode = FALSE
	EndGlobalSection
	GlobalSection(ExtensibilityGlobals) = postSolution
		SolutionGuid = {B9081E0D-5BF6-41C6-A8F7-46E1DAD196B2}
	EndGlobalSection
EndGlobal
